
Microsoft Visual Studio Solution File, Format Version 12.00
# Visual Studio Version 17
VisualStudioVersion = 17.0.31919.166
MinimumVisualStudioVersion = 10.0.40219.1
Project("{9A19103F-16F7-4668-BE54-9A1E7A4F7556}") = "WeatherForecastSQLAPI", "WeatherForecastSQLAPI\WeatherForecastSQLAPI.csproj", "{97E0E3E5-CBCD-4695-9AB8-4B5CB518B0E5}"
EndProject
Project("{FAE04EC0-301F-11D3-BF4B-00C04F79EFBC}") = "WeatherForecastAPI", "WeatherForecastAPI\WeatherForecastAPI.csproj", "{2826883D-9341-404C-8AB1-913D32943C37}"
EndProject
Global
	GlobalSection(SolutionConfigurationPlatforms) = preSolution
		Debug|Any CPU = Debug|Any CPU
		Release|Any CPU = Release|Any CPU
	EndGlobalSection
	GlobalSection(ProjectConfigurationPlatforms) = postSolution
		{97E0E3E5-CBCD-4695-9AB8-4B5CB518B0E5}.Debug|Any CPU.ActiveCfg = Debug|Any CPU
		{97E0E3E5-CBCD-4695-9AB8-4B5CB518B0E5}.Debug|Any CPU.Build.0 = Debug|Any CPU
		{97E0E3E5-CBCD-4695-9AB8-4B5CB518B0E5}.Release|Any CPU.ActiveCfg = Release|Any CPU
		{97E0E3E5-CBCD-4695-9AB8-4B5CB518B0E5}.Release|Any CPU.Build.0 = Release|Any CPU
		{2826883D-9341-404C-8AB1-913D32943C37}.Debug|Any CPU.ActiveCfg = Debug|Any CPU
		{2826883D-9341-404C-8AB1-913D32943C37}.Debug|Any CPU.Build.0 = Debug|Any CPU
		{2826883D-9341-404C-8AB1-913D32943C37}.Release|Any CPU.ActiveCfg = Release|Any CPU
		{2826883D-9341-404C-8AB1-913D32943C37}.Release|Any CPU.Build.0 = Release|Any CPU
	EndGlobalSection
	GlobalSection(SolutionProperties) = preSolution
		HideSolutionNode = FALSE
	EndGlobalSection
	GlobalSection(ExtensibilityGlobals) = postSolution
		SolutionGuid = {3B299FC9-749A-4F4B-B2BA-44B432DCF66D}
	EndGlobalSection
EndGlobal
